---
ID: "43adb675-cf74-4c73-89ba-7250975df37d"
Parent: "2cc44b21-29ce-40d5-ab1a-627a22abceee"
Template: "e1a1edc3-e088-4531-9e48-480972fab202"
Path: "/sitecore/content/HCA/HCA-Main/Home/QA/Components/Careers HeaderWithVideo/Page Data/Careers Search Block"
Languages:
- Language: en
  Versions:
  - Version: 1
    Fields:
    - ID: "25bed78c-4957-4165-998a-ca1b52f67497"
      Hint: __Created
      Value: 20241010T213016Z
    - ID: "52807595-0f8f-4b20-8d2a-cb71d28c6103"
      Hint: __Owner
      Value: |
        sitecore\bartek.glomski@eqtr.com
    - ID: "5dd74568-4d4b-44c1-b513-0af5f4cda34f"
      Hint: __Created by
      Value: |
        sitecore\bartek.glomski@eqtr.com
    - ID: "65f91abd-ebd9-4112-a329-c42a0831884c"
      Hint: SelectALocationLabel
      Value: Select a location
    - ID: "86d4a983-a5f3-46d2-be34-b6ebd835b063"
      Hint: Filters
      Value: |
        {8A48AB89-7B02-4DC2-A402-EBBA4D214BB6}
        {4B6379FF-F1D4-4A84-8EA2-CDE1B07BCC4B}
        {BAD26E4A-A225-4184-B3B3-E47EDD741FC4}
        {26A6FEE0-7361-415D-B38A-AF764323D4E4}
    - ID: "8cdc337e-a112-42fb-bbb4-4143751e123f"
      Hint: __Revision
      Value: "03aa6132-a5a9-4c05-ac7e-04892a725e05"
    - ID: "930d140a-6b6f-4cd9-abab-5c2aabc53e90"
      Hint: SelectAJobAreaLabel
      Value: Select a job area
    - ID: "93f4e670-71c7-43bf-98e7-0f3bad482c1a"
      Hint: SearchPhrasePlaceholder
      Value: Search for a keyword or role
    - ID: "b6586292-0279-423d-8a44-0adedb7f3e8b"
      Hint: FiltersCtaLabel
      Value: More filters
    - ID: "badd9cf9-53e0-4d0c-bcc0-2d784c282f6a"
      Hint: __Updated by
      Value: |
        sitecore\bartek.glomski@eqtr.com
    - ID: "d23d27b2-6af9-436c-98f4-3b1ff4274ba4"
      Hint: SearchRolesCTA
      Value: |
        <link text="Search roles" anchor="" linktype="internal" class="" title="" target="" querystring="" id="{60C95BFB-0B55-4897-91E2-C4CDAF4918DD}" />
    - ID: "d9cf14b1-fa16-4ba6-9288-e8a174d4d522"
      Hint: __Updated
      Value: 20241010T223220Z
