---
ID: "24db4e5f-fe62-4cdd-8e60-c526221c25d0"
Parent: "5e798c0d-385b-410e-9f5a-2b3326924a9e"
Template: "58c7ade7-c0c4-4fdf-b844-fbe221c162bd"
Path: /sitecore/content/HCA/HCA Main/Home/QA/Home/Data/Intro Block
Languages:
- Language: en
  Versions:
  - Version: 1
    Fields:
    - ID: "25bed78c-4957-4165-998a-ca1b52f67497"
      Hint: __Created
      Value: 20231205T085440Z
    - ID: "52807595-0f8f-4b20-8d2a-cb71d28c6103"
      Hint: __Owner
      Value: |
        sitecore\carmen.popovici@eqtr.com
    - ID: "5dd74568-4d4b-44c1-b513-0af5f4cda34f"
      Hint: __Created by
      Value: |
        sitecore\carmen.popovici@eqtr.com
    - ID: "7b92fe8b-f992-41d1-bd78-93b8e82b81d1"
      Hint: Text
      Value: Quis laboris proident sint amet id cillum do dolor in tempor est. Exercitation aute sint tempor eu ut aliquip commodo enim nulla et laborum et culpa minim. Commodo ex laboris pariatur labore nostrud dolore.
    - ID: "8cdc337e-a112-42fb-bbb4-4143751e123f"
      Hint: __Revision
      Value: "7a0de50e-93aa-43ba-aa28-2dbb0d715c01"
    - ID: "a238486c-a225-48be-be0a-864e6fe4e0e0"
      Hint: CQCStatus
      Value: "{A64BBA88-C227-41A7-8EF6-2D2E3C9C3112}"
    - ID: "a902abe7-6f90-452b-98d4-62a9d12d1df0"
      Hint: CTALink
      Value: |
        <link text="" anchor="" linktype="internal" class="" title="" target="" querystring="" id="{5B5C8266-2EF7-4A47-BEA4-D054898AE345}" />
    - ID: "b9bb0431-2236-460a-8136-154adf67e91c"
      Hint: Title
      Value: Committed to your care
    - ID: "badd9cf9-53e0-4d0c-bcc0-2d784c282f6a"
      Hint: __Updated by
      Value: |
        sitecore\carmen.popovici@eqtr.com
    - ID: "c1ad7d36-37ef-40e0-a5f8-749f50c0ae13"
      Hint: DoctifyReviews
      Value: "{123F8E83-3BBA-4A1A-88C3-DB5E32B71640}"
    - ID: "d0db9d3f-ad94-4795-ae43-5c3ce95ea702"
      Hint: Counters
      Value: |
        {81F3745E-0A1F-42E4-9C1A-49CD6FA4992A}
        {29CB8B41-F8A9-4D29-B6B6-32285DCF8653}
        {73E4C4F7-AF47-4716-A899-CDE432F7273B}
    - ID: "d9cf14b1-fa16-4ba6-9288-e8a174d4d522"
      Hint: __Updated
      Value: 20231205T091232Z
