---
ID: "a8f8bee5-b2f7-4508-8b93-2a5d3c29e222"
Parent: "5b062fc3-248d-4a39-aceb-b7800359f535"
Template: "3aea335c-d06d-45b1-841a-cbc8d2d1ce40"
Path: /sitecore/system/Settings/Project/HCA/Page Content/Page Content Headless Site Setup/Rendering Variants/FAQ Block
SharedFields:
- ID: "52c91c75-6698-4701-a8a2-242ace59a8d6"
  Hint: Location
  Value: "{C6F65339-F4DA-40FA-88D1-E1ECFFD54B91}"
- ID: "7868e6bc-525c-4fce-ab8a-77da3e09b171"
  Hint: Name
  Value: FAQ Block
- ID: "ad0e8de7-f6c1-49fa-b2c4-87e10fbdaa52"
  Hint: Fields
  Value: __Icon=Office%2F32x32%2Fwindow_dialog.png
- ID: "e62c28f0-9d3b-46e2-8bec-a5e120542499"
  Hint: Template
  Value: "{40C95F08-39FF-4A20-8632-C5427A359CD8}"
Languages:
- Language: "de-DE"
  Fields:
  - ID: "b5e02ad9-d56f-4c41-a065-a133db87bdeb"
    Hint: __Display name
    Value: Promo
  Versions:
  - Version: 1
    Fields:
    - ID: "25bed78c-4957-4165-998a-ca1b52f67497"
      Hint: __Created
      Value: 20231114T034000Z
    - ID: "52807595-0f8f-4b20-8d2a-cb71d28c6103"
      Hint: __Owner
      Value: |
        sitecore\Admin
    - ID: "5dd74568-4d4b-44c1-b513-0af5f4cda34f"
      Hint: __Created by
      Value: |
        sitecore\Admin
    - ID: "8cdc337e-a112-42fb-bbb4-4143751e123f"
      Hint: __Revision
      Value: "5c217150-f8bd-47e4-bb61-1c760e8ff820"
    - ID: "badd9cf9-53e0-4d0c-bcc0-2d784c282f6a"
      Hint: __Updated by
      Value: |
        sitecore\Admin
    - ID: "d9cf14b1-fa16-4ba6-9288-e8a174d4d522"
      Hint: __Updated
      Value: 20231114T034000Z
- Language: en
  Versions:
  - Version: 1
    Fields:
    - ID: "25bed78c-4957-4165-998a-ca1b52f67497"
      Hint: __Created
      Value: 20211019T093905Z
    - ID: "5dd74568-4d4b-44c1-b513-0af5f4cda34f"
      Hint: __Created by
      Value: |
        sitecore\Admin
    - ID: "8cdc337e-a112-42fb-bbb4-4143751e123f"
      Hint: __Revision
      Value: "f2e08c04-90ab-4a49-ab94-964edd7ae482"
    - ID: "badd9cf9-53e0-4d0c-bcc0-2d784c282f6a"
      Hint: __Updated by
      Value: |
        sitecore\bartek.glomski@eqtr.com
    - ID: "d9cf14b1-fa16-4ba6-9288-e8a174d4d522"
      Hint: __Updated
      Value: 20250211T103542Z
- Language: "ja-JP"
  Fields:
  - ID: "b5e02ad9-d56f-4c41-a065-a133db87bdeb"
    Hint: __Display name
    Value: プロモ
  Versions:
  - Version: 1
    Fields:
    - ID: "25bed78c-4957-4165-998a-ca1b52f67497"
      Hint: __Created
      Value: 20231114T034000Z
    - ID: "52807595-0f8f-4b20-8d2a-cb71d28c6103"
      Hint: __Owner
      Value: |
        sitecore\Admin
    - ID: "5dd74568-4d4b-44c1-b513-0af5f4cda34f"
      Hint: __Created by
      Value: |
        sitecore\Admin
    - ID: "8cdc337e-a112-42fb-bbb4-4143751e123f"
      Hint: __Revision
      Value: "5c217150-f8bd-47e4-bb61-1c760e8ff820"
    - ID: "badd9cf9-53e0-4d0c-bcc0-2d784c282f6a"
      Hint: __Updated by
      Value: |
        sitecore\Admin
    - ID: "d9cf14b1-fa16-4ba6-9288-e8a174d4d522"
      Hint: __Updated
      Value: 20231114T034000Z
- Language: "zh-CN"
  Fields:
  - ID: "b5e02ad9-d56f-4c41-a065-a133db87bdeb"
    Hint: __Display name
    Value: 促销
  Versions:
  - Version: 1
    Fields:
    - ID: "25bed78c-4957-4165-998a-ca1b52f67497"
      Hint: __Created
      Value: 20231114T034000Z
    - ID: "52807595-0f8f-4b20-8d2a-cb71d28c6103"
      Hint: __Owner
      Value: |
        sitecore\Admin
    - ID: "5dd74568-4d4b-44c1-b513-0af5f4cda34f"
      Hint: __Created by
      Value: |
        sitecore\Admin
    - ID: "8cdc337e-a112-42fb-bbb4-4143751e123f"
      Hint: __Revision
      Value: "5c217150-f8bd-47e4-bb61-1c760e8ff820"
    - ID: "badd9cf9-53e0-4d0c-bcc0-2d784c282f6a"
      Hint: __Updated by
      Value: |
        sitecore\Admin
    - ID: "d9cf14b1-fa16-4ba6-9288-e8a174d4d522"
      Hint: __Updated
      Value: 20231114T034000Z
